
Microsoft Visual Studio Solution File, Format Version 12.00
# Visual Studio Version 17
VisualStudioVersion = 17.10.35122.118
MinimumVisualStudioVersion = 10.0.40219.1
Project("{FAE04EC0-301F-11D3-BF4B-00C04F79EFBC}") = "FruitVegBasketMaui", "FruitVegBasketMaui.csproj", "{79A78E25-3D68-4AC7-BCAC-3F0EDED34FE5}"
EndProject
Global
	GlobalSection(SolutionConfigurationPlatforms) = preSolution
		Debug|Any CPU = Debug|Any CPU
		Release|Any CPU = Release|Any CPU
	EndGlobalSection
	GlobalSection(ProjectConfigurationPlatforms) = postSolution
		{79A78E25-3D68-4AC7-BCAC-3F0EDED34FE5}.Debug|Any CPU.ActiveCfg = Debug|Any CPU
		{79A78E25-3D68-4AC7-BCAC-3F0EDED34FE5}.Debug|Any CPU.Build.0 = Debug|Any CPU
		{79A78E25-3D68-4AC7-BCAC-3F0EDED34FE5}.Debug|Any CPU.Deploy.0 = Debug|Any CPU
		{79A78E25-3D68-4AC7-BCAC-3F0EDED34FE5}.Release|Any CPU.ActiveCfg = Release|Any CPU
		{79A78E25-3D68-4AC7-BCAC-3F0EDED34FE5}.Release|Any CPU.Build.0 = Release|Any CPU
		{79A78E25-3D68-4AC7-BCAC-3F0EDED34FE5}.Release|Any CPU.Deploy.0 = Release|Any CPU
	EndGlobalSection
	GlobalSection(SolutionProperties) = preSolution
		HideSolutionNode = FALSE
	EndGlobalSection
	GlobalSection(ExtensibilityGlobals) = postSolution
		SolutionGuid = {19BF009B-2D44-4245-809C-0F1A42BEC035}
	EndGlobalSection
EndGlobal
